
Microsoft Visual Studio Solution File, Format Version 12.00
# Visual Studio 14
VisualStudioVersion = 14.0.25420.1
MinimumVisualStudioVersion = 10.0.40219.1
Project("{FAE04EC0-301F-11D3-BF4B-00C04F79EFBC}") = "FullStackTestBed.Web", "FullStackTestBed.Web\FullStackTestBed.Web.csproj", "{9AC3C841-465E-4457-9300-49DC7C3EDB55}"
EndProject
Project("{FAE04EC0-301F-11D3-BF4B-00C04F79EFBC}") = "FullStackTestBed.Web.Tests", "FullStackTestBed.Web.Tests\FullStackTestBed.Tests.csproj", "{5F3C1573-96E9-4346-AB6F-195D3230F8FC}"
EndProject
Global
	GlobalSection(SolutionConfigurationPlatforms) = preSolution
		Debug|Any CPU = Debug|Any CPU
		Release|Any CPU = Release|Any CPU
	EndGlobalSection
	GlobalSection(ProjectConfigurationPlatforms) = postSolution
		{9AC3C841-465E-4457-9300-49DC7C3EDB55}.Debug|Any CPU.ActiveCfg = Debug|Any CPU
		{9AC3C841-465E-4457-9300-49DC7C3EDB55}.Debug|Any CPU.Build.0 = Debug|Any CPU
		{9AC3C841-465E-4457-9300-49DC7C3EDB55}.Release|Any CPU.ActiveCfg = Release|Any CPU
		{9AC3C841-465E-4457-9300-49DC7C3EDB55}.Release|Any CPU.Build.0 = Release|Any CPU
		{5F3C1573-96E9-4346-AB6F-195D3230F8FC}.Debug|Any CPU.ActiveCfg = Debug|Any CPU
		{5F3C1573-96E9-4346-AB6F-195D3230F8FC}.Debug|Any CPU.Build.0 = Debug|Any CPU
		{5F3C1573-96E9-4346-AB6F-195D3230F8FC}.Release|Any CPU.ActiveCfg = Release|Any CPU
		{5F3C1573-96E9-4346-AB6F-195D3230F8FC}.Release|Any CPU.Build.0 = Release|Any CPU
	EndGlobalSection
	GlobalSection(SolutionProperties) = preSolution
		HideSolutionNode = FALSE
	EndGlobalSection
EndGlobal
